
Microsoft Visual Studio Solution File, Format Version 12.00
# Visual Studio 15
VisualStudioVersion = 15.0.26430.14
MinimumVisualStudioVersion = 10.0.40219.1
Project("{FAE04EC0-301F-11D3-BF4B-00C04F79EFBC}") = "ReactiveUI.Sample.Wpf", "ReactiveUI.Sample.Wpf\ReactiveUI.Sample.Wpf.csproj", "{A92D6DEA-CE08-4168-B3C2-F088F2D078B8}"
EndProject
Project("{D954291E-2A0B-460D-934E-DC6B0785DB48}") = "ReactiveUI.Shared", "ReactiveUI.Shared\ReactiveUI.Shared.shproj", "{29C8C00A-E99F-4883-9F68-AD35E9F4F2F2}"
EndProject
Global
	GlobalSection(SharedMSBuildProjectFiles) = preSolution
		ReactiveUI.Shared\ReactiveUI.Shared.projitems*{29c8c00a-e99f-4883-9f68-ad35e9f4f2f2}*SharedItemsImports = 13
		ReactiveUI.Shared\ReactiveUI.Shared.projitems*{a92d6dea-ce08-4168-b3c2-f088f2d078b8}*SharedItemsImports = 4
	EndGlobalSection
	GlobalSection(SolutionConfigurationPlatforms) = preSolution
		Debug|Any CPU = Debug|Any CPU
		Release|Any CPU = Release|Any CPU
	EndGlobalSection
	GlobalSection(ProjectConfigurationPlatforms) = postSolution
		{A92D6DEA-CE08-4168-B3C2-F088F2D078B8}.Debug|Any CPU.ActiveCfg = Debug|Any CPU
		{A92D6DEA-CE08-4168-B3C2-F088F2D078B8}.Debug|Any CPU.Build.0 = Debug|Any CPU
		{A92D6DEA-CE08-4168-B3C2-F088F2D078B8}.Release|Any CPU.ActiveCfg = Release|Any CPU
		{A92D6DEA-CE08-4168-B3C2-F088F2D078B8}.Release|Any CPU.Build.0 = Release|Any CPU
	EndGlobalSection
	GlobalSection(SolutionProperties) = preSolution
		HideSolutionNode = FALSE
	EndGlobalSection
EndGlobal
